
Microsoft Visual Studio Solution File, Format Version 12.00
# Visual Studio 15
VisualStudioVersion = 15.0.27130.2027
MinimumVisualStudioVersion = 10.0.40219.1
Project("{FAE04EC0-301F-11D3-BF4B-00C04F79EFBC}") = "D3_Lunch_And_Learn", "D3_Lunch_And_Learn\D3_Lunch_And_Learn.csproj", "{088C69D1-23B9-47CE-A14F-D01DBECB8AF3}"
EndProject
Global
	GlobalSection(SolutionConfigurationPlatforms) = preSolution
		Debug|Any CPU = Debug|Any CPU
		Release|Any CPU = Release|Any CPU
	EndGlobalSection
	GlobalSection(ProjectConfigurationPlatforms) = postSolution
		{088C69D1-23B9-47CE-A14F-D01DBECB8AF3}.Debug|Any CPU.ActiveCfg = Debug|Any CPU
		{088C69D1-23B9-47CE-A14F-D01DBECB8AF3}.Debug|Any CPU.Build.0 = Debug|Any CPU
		{088C69D1-23B9-47CE-A14F-D01DBECB8AF3}.Release|Any CPU.ActiveCfg = Release|Any CPU
		{088C69D1-23B9-47CE-A14F-D01DBECB8AF3}.Release|Any CPU.Build.0 = Release|Any CPU
	EndGlobalSection
	GlobalSection(SolutionProperties) = preSolution
		HideSolutionNode = FALSE
	EndGlobalSection
	GlobalSection(ExtensibilityGlobals) = postSolution
		SolutionGuid = {0FE6FB84-58D4-49C7-A8EB-CCFDF27DFB48}
	EndGlobalSection
EndGlobal
